
Microsoft Visual Studio Solution File, Format Version 12.00
# Visual Studio Version 17
VisualStudioVersion = 17.11.35327.3
MinimumVisualStudioVersion = 10.0.40219.1
Project("{FAE04EC0-301F-11D3-BF4B-00C04F79EFBC}") = "Orders", "Orders\Orders.csproj", "{29281668-F258-450A-BF9A-8EFD2CA66C30}"
EndProject
Global
	GlobalSection(SolutionConfigurationPlatforms) = preSolution
		Debug|Any CPU = Debug|Any CPU
		Release|Any CPU = Release|Any CPU
	EndGlobalSection
	GlobalSection(ProjectConfigurationPlatforms) = postSolution
		{29281668-F258-450A-BF9A-8EFD2CA66C30}.Debug|Any CPU.ActiveCfg = Debug|Any CPU
		{29281668-F258-450A-BF9A-8EFD2CA66C30}.Debug|Any CPU.Build.0 = Debug|Any CPU
		{29281668-F258-450A-BF9A-8EFD2CA66C30}.Release|Any CPU.ActiveCfg = Release|Any CPU
		{29281668-F258-450A-BF9A-8EFD2CA66C30}.Release|Any CPU.Build.0 = Release|Any CPU
	EndGlobalSection
	GlobalSection(SolutionProperties) = preSolution
		HideSolutionNode = FALSE
	EndGlobalSection
	GlobalSection(ExtensibilityGlobals) = postSolution
		SolutionGuid = {A02954FE-7B60-4171-939B-4ED465316DA3}
	EndGlobalSection
EndGlobal
